# THIS IS AN AUTOGENERATED FILE. DO NOT EDIT THIS FILE DIRECTLY.
# yarn lockfile v1


"@babel/runtime@^7.1.2", "@babel/runtime@^7.12.1":
  version "7.12.13"
  resolved "https://registry.yarnpkg.com/@babel/runtime/-/runtime-7.12.13.tgz#0a21452352b02542db0ffb928ac2d3ca7cb6d66d"
  integrity sha512-8+3UMPBrjFa/6TtKi/7sehPKqfAm4g6K+YQjyyFOLUTxzOngcRZTlAVY8sc2CORJYqdHQY8gRPHmn+qo15rCBw==
  dependencies:
    regenerator-runtime "^0.13.4"

"@googlemaps/js-api-loader@^1.7.0":
  version "1.11.1"
  resolved "https://registry.yarnpkg.com/@googlemaps/js-api-loader/-/js-api-loader-1.11.1.tgz#b7f02c04d8d8602fb4bd873b03685fccefce1c6f"
  integrity sha512-2ug4uBu0onRXTAo7Yxkay5N7pdNIz3XpTElMTLdCtEfQDxikbjeR6GS8atVhblX+ubFBNlXvDzz7VtuXv0vMRQ==
  dependencies:
    fast-deep-equal "^3.1.3"

"@mapbox/point-geometry@^0.1.0":
  version "0.1.0"
  resolved "https://registry.yarnpkg.com/@mapbox/point-geometry/-/point-geometry-0.1.0.tgz#8a83f9335c7860effa2eeeca254332aa0aeed8f2"
  integrity sha1-ioP5M1x4YO/6Lu7KJUMyqgru2PI=

asynckit@^0.4.0:
  version "0.4.0"
  resolved "https://registry.yarnpkg.com/asynckit/-/asynckit-0.4.0.tgz#c79ed97f7f34cb8f2ba1bc9790bcc366474b4b79"
  integrity sha1-x57Zf380y48robyXkLzDZkdLS3k=

axios@^0.19.2:
  version "0.19.2"
  resolved "https://registry.yarnpkg.com/axios/-/axios-0.19.2.tgz#3ea36c5d8818d0d5f8a8a97a6d36b86cdc00cb27"
  integrity sha512-fjgm5MvRHLhx+osE2xoekY70AhARk3a6hkN+3Io1jc00jtquGvxYlKlsFUhmUET0V5te6CcZI7lcv2Ym61mjHA==
  dependencies:
    follow-redirects "1.5.10"

body-scroll-lock@^3.1.5:
  version "3.1.5"
  resolved "https://registry.yarnpkg.com/body-scroll-lock/-/body-scroll-lock-3.1.5.tgz#c1392d9217ed2c3e237fee1e910f6cdd80b7aaec"
  integrity sha512-Yi1Xaml0EvNA0OYWxXiYNqY24AfWkbA6w5vxE7GWxtKfzIbZM+Qw+aSmkgsbWzbHiy/RCSkUZBplVxTA+E4jJg==

classnames@^2.2.6:
  version "2.2.6"
  resolved "https://registry.yarnpkg.com/classnames/-/classnames-2.2.6.tgz#43935bffdd291f326dad0a205309b38d00f650ce"
  integrity sha512-JR/iSQOSt+LQIWwrwEzJ9uk0xfN3mTVYMwt1Ir5mUcSN6pU+V4zQFFaJsclJbPuAUQH+yfWef6tm7l1quW3C8Q==

combined-stream@^1.0.8:
  version "1.0.8"
  resolved "https://registry.yarnpkg.com/combined-stream/-/combined-stream-1.0.8.tgz#c3d45a8b34fd730631a110a8a2520682b31d5a7f"
  integrity sha512-FQN4MRfuJeHf7cBbBMJFXhKSDq+2kAArBlmRBvcvFE5BB1HZKXtSFASDhdlz9zOYwxh8lDdnvmMOe/+5cdoEdg==
  dependencies:
    delayed-stream "~1.0.0"

debug@=3.1.0:
  version "3.1.0"
  resolved "https://registry.yarnpkg.com/debug/-/debug-3.1.0.tgz#5bb5a0672628b64149566ba16819e61518c67261"
  integrity sha512-OX8XqP7/1a9cqkxYw2yXss15f26NKWBpDXQd0/uK/KPqdQhxbPa994hnzjcE2VqQpDslf55723cKPUOGSmMY3g==
  dependencies:
    ms "2.0.0"

delayed-stream@~1.0.0:
  version "1.0.0"
  resolved "https://registry.yarnpkg.com/delayed-stream/-/delayed-stream-1.0.0.tgz#df3ae199acadfb7d440aaae0b29e2272b24ec619"
  integrity sha1-3zrhmayt+31ECqrgsp4icrJOxhk=

eventemitter3@^4.0.4:
  version "4.0.7"
  resolved "https://registry.yarnpkg.com/eventemitter3/-/eventemitter3-4.0.7.tgz#2de9b68f6528d5644ef5c59526a1b4a07306169f"
  integrity sha512-8guHBZCwKnFhYdHr2ysuRWErTwhoN2X8XELRlrRwpmfeY2jjuUN4taQMsULKUVo1K4DvZl+0pgfyoysHxvmvEw==

fast-deep-equal@^3.1.3:
  version "3.1.3"
  resolved "https://registry.yarnpkg.com/fast-deep-equal/-/fast-deep-equal-3.1.3.tgz#3a7d56b559d6cbc3eb512325244e619a65c6c525"
  integrity sha512-f3qQ9oQy9j2AhBe/H9VC91wLmKBCCU/gDOnKNAYG5hswO7BLKj09Hc5HYNz9cGI++xlpDCIgDaitVs03ATR84Q==

follow-redirects@1.5.10:
  version "1.5.10"
  resolved "https://registry.yarnpkg.com/follow-redirects/-/follow-redirects-1.5.10.tgz#7b7a9f9aea2fdff36786a94ff643ed07f4ff5e2a"
  integrity sha512-0V5l4Cizzvqt5D44aTXbFZz+FtyXV1vrDN6qrelxtfYQKW0KO0W2T/hkE8xvGa/540LkZlkaUjO4ailYTFtHVQ==
  dependencies:
    debug "=3.1.0"

form-data@^3.0.0:
  version "3.0.0"
  resolved "https://registry.yarnpkg.com/form-data/-/form-data-3.0.0.tgz#31b7e39c85f1355b7139ee0c647cf0de7f83c682"
  integrity sha512-CKMFDglpbMi6PyN+brwB9Q/GOw0eAnsrEZDgcsH5Krhz5Od/haKHAX0NmQfha2zPPz0JpWzA7GJHGSnvCRLWsg==
  dependencies:
    asynckit "^0.4.0"
    combined-stream "^1.0.8"
    mime-types "^2.1.12"

google-map-react@^2.1.9:
  version "2.1.9"
  resolved "https://registry.yarnpkg.com/google-map-react/-/google-map-react-2.1.9.tgz#6e539ce8bf28e7b8cda6058402e7581d1d1cec3d"
  integrity sha512-//Pa0o6sdspU2H0ehVztSDQSnYYeV6TY4Z6ftty34yiCJYLliOzeq17dA9uFkyUFdL+XwbTU6e9mfs+bjBMIzw==
  dependencies:
    "@googlemaps/js-api-loader" "^1.7.0"
    "@mapbox/point-geometry" "^0.1.0"
    eventemitter3 "^4.0.4"
    prop-types "^15.7.2"

helmet@^4.2.0:
  version "4.2.0"
  resolved "https://registry.yarnpkg.com/helmet/-/helmet-4.2.0.tgz#e81f5613cc1c90402af581794dc9878ad078b237"
  integrity sha512-aoiSxXMd0ks1ojYpSCFoCRzgv4rY/uB9jKStaw8PkXwsdLYa/Gq+Nc5l0soH0cwBIsLAlujPnx4HLQs+LaXCrQ==

history@^4.9.0:
  version "4.10.1"
  resolved "https://registry.yarnpkg.com/history/-/history-4.10.1.tgz#33371a65e3a83b267434e2b3f3b1b4c58aad4cf3"
  integrity sha512-36nwAD620w12kuzPAsyINPWJqlNbij+hpK1k9XRloDtym8mxzGYl2c17LnV6IAGB2Dmg4tEa7G7DlawS0+qjew==
  dependencies:
    "@babel/runtime" "^7.1.2"
    loose-envify "^1.2.0"
    resolve-pathname "^3.0.0"
    tiny-invariant "^1.0.2"
    tiny-warning "^1.0.0"
    value-equal "^1.0.1"

hoist-non-react-statics@^3.1.0:
  version "3.3.2"
  resolved "https://registry.yarnpkg.com/hoist-non-react-statics/-/hoist-non-react-statics-3.3.2.tgz#ece0acaf71d62c2969c2ec59feff42a4b1a85b45"
  integrity sha512-/gGivxi8JPKWNm/W0jSmzcMPpfpPLc3dY/6GxhX2hQ9iGj3aDfklV4ET7NjKpSinLpJ5vafa9iiGIEZg10SfBw==
  dependencies:
    react-is "^16.7.0"

invariant@^2.2.4:
  version "2.2.4"
  resolved "https://registry.yarnpkg.com/invariant/-/invariant-2.2.4.tgz#610f3c92c9359ce1db616e538008d23ff35158e6"
  integrity sha512-phJfQVBuaJM5raOpJjSfkiD6BpbCE4Ns//LaXl6wGYtUBY83nWS6Rf9tXm2e8VaK60JEjYldbPif/A2B1C2gNA==
  dependencies:
    loose-envify "^1.0.0"

isarray@0.0.1:
  version "0.0.1"
  resolved "https://registry.yarnpkg.com/isarray/-/isarray-0.0.1.tgz#8a18acfca9a8f4177e09abfc6038939b05d1eedf"
  integrity sha1-ihis/Kmo9Bd+Cav8YDiTmwXR7t8=

"js-tokens@^3.0.0 || ^4.0.0":
  version "4.0.0"
  resolved "https://registry.yarnpkg.com/js-tokens/-/js-tokens-4.0.0.tgz#19203fb59991df98e3a287050d4647cdeaf32499"
  integrity sha512-RdJUflcE3cUzKiMqQgsCu06FPu9UdIJO0beYbPhHN4k6apgJtifcoCtT9bcxOpYBtpD2kCM6Sbzg4CausW/PKQ==

loose-envify@^1.0.0, loose-envify@^1.1.0, loose-envify@^1.2.0, loose-envify@^1.3.1, loose-envify@^1.4.0:
  version "1.4.0"
  resolved "https://registry.yarnpkg.com/loose-envify/-/loose-envify-1.4.0.tgz#71ee51fa7be4caec1a63839f7e682d8132d30caf"
  integrity sha512-lyuxPGr/Wfhrlem2CL/UcnUc1zcqKAImBDzukY7Y5F/yQiNdko6+fRLevlw1HgMySw7f611UIY408EtxRSoK3Q==
  dependencies:
    js-tokens "^3.0.0 || ^4.0.0"

mime-db@1.45.0:
  version "1.45.0"
  resolved "https://registry.yarnpkg.com/mime-db/-/mime-db-1.45.0.tgz#cceeda21ccd7c3a745eba2decd55d4b73e7879ea"
  integrity sha512-CkqLUxUk15hofLoLyljJSrukZi8mAtgd+yE5uO4tqRZsdsAJKv0O+rFMhVDRJgozy+yG6md5KwuXhD4ocIoP+w==

mime-types@^2.1.12:
  version "2.1.28"
  resolved "https://registry.yarnpkg.com/mime-types/-/mime-types-2.1.28.tgz#1160c4757eab2c5363888e005273ecf79d2a0ecd"
  integrity sha512-0TO2yJ5YHYr7M2zzT7gDU1tbwHxEUWBCLt0lscSNpcdAfFyJOVEpRYNS7EXVcTLNj/25QO8gulHC5JtTzSE2UQ==
  dependencies:
    mime-db "1.45.0"

mini-create-react-context@^0.4.0:
  version "0.4.1"
  resolved "https://registry.yarnpkg.com/mini-create-react-context/-/mini-create-react-context-0.4.1.tgz#072171561bfdc922da08a60c2197a497cc2d1d5e"
  integrity sha512-YWCYEmd5CQeHGSAKrYvXgmzzkrvssZcuuQDDeqkT+PziKGMgE+0MCCtcKbROzocGBG1meBLl2FotlRwf4gAzbQ==
  dependencies:
    "@babel/runtime" "^7.12.1"
    tiny-warning "^1.0.3"

ms@2.0.0:
  version "2.0.0"
  resolved "https://registry.yarnpkg.com/ms/-/ms-2.0.0.tgz#5608aeadfc00be6c2901df5f9861788de0d597c8"
  integrity sha1-VgiurfwAvmwpAd9fmGF4jeDVl8g=

object-assign@^4.1.1:
  version "4.1.1"
  resolved "https://registry.yarnpkg.com/object-assign/-/object-assign-4.1.1.tgz#2109adc7965887cfc05cbbd442cac8bfbb360863"
  integrity sha1-IQmtx5ZYh8/AXLvUQsrIv7s2CGM=

path-to-regexp@^1.7.0:
  version "1.8.0"
  resolved "https://registry.yarnpkg.com/path-to-regexp/-/path-to-regexp-1.8.0.tgz#887b3ba9d84393e87a0a0b9f4cb756198b53548a"
  integrity sha512-n43JRhlUKUAlibEJhPeir1ncUID16QnEjNpwzNdO3Lm4ywrBpBZ5oLD0I6br9evr1Y9JTqwRtAh7JLoOzAQdVA==
  dependencies:
    isarray "0.0.1"

prop-types@^15.6.0, prop-types@^15.6.2, prop-types@^15.7.2:
  version "15.7.2"
  resolved "https://registry.yarnpkg.com/prop-types/-/prop-types-15.7.2.tgz#52c41e75b8c87e72b9d9360e0206b99dcbffa6c5"
  integrity sha512-8QQikdH7//R2vurIJSutZ1smHYTcLpRWEOlHnzcWHmBYrOGUysKwSsrC89BCiFj3CbrfJ/nXFdJepOVrY1GCHQ==
  dependencies:
    loose-envify "^1.4.0"
    object-assign "^4.1.1"
    react-is "^16.8.1"

qr.js@0.0.0:
  version "0.0.0"
  resolved "https://registry.yarnpkg.com/qr.js/-/qr.js-0.0.0.tgz#cace86386f59a0db8050fa90d9b6b0e88a1e364f"
  integrity sha1-ys6GOG9ZoNuAUPqQ2baw6IoeNk8=

qrcode.react@^1.0.1:
  version "1.0.1"
  resolved "https://registry.yarnpkg.com/qrcode.react/-/qrcode.react-1.0.1.tgz#2834bb50e5e275ffe5af6906eff15391fe9e38a5"
  integrity sha512-8d3Tackk8IRLXTo67Y+c1rpaiXjoz/Dd2HpcMdW//62/x8J1Nbho14Kh8x974t9prsLHN6XqVgcnRiBGFptQmg==
  dependencies:
    loose-envify "^1.4.0"
    prop-types "^15.6.0"
    qr.js "0.0.0"

react-dom@^17.0.1:
  version "17.0.1"
  resolved "https://registry.yarnpkg.com/react-dom/-/react-dom-17.0.1.tgz#1de2560474ec9f0e334285662ede52dbc5426fc6"
  integrity sha512-6eV150oJZ9U2t9svnsspTMrWNyHc6chX0KzDeAOXftRa8bNeOKTTfCJ7KorIwenkHd2xqVTBTCZd79yk/lx/Ug==
  dependencies:
    loose-envify "^1.1.0"
    object-assign "^4.1.1"
    scheduler "^0.20.1"

react-input-mask@^2.0.4:
  version "2.0.4"
  resolved "https://registry.yarnpkg.com/react-input-mask/-/react-input-mask-2.0.4.tgz#9ade5cf8196f4a856dbf010820fe75a795f3eb14"
  integrity sha512-1hwzMr/aO9tXfiroiVCx5EtKohKwLk/NT8QlJXHQ4N+yJJFyUuMT+zfTpLBwX/lK3PkuMlievIffncpMZ3HGRQ==
  dependencies:
    invariant "^2.2.4"
    warning "^4.0.2"

react-is@^16.6.0, react-is@^16.7.0, react-is@^16.8.1:
  version "16.13.1"
  resolved "https://registry.yarnpkg.com/react-is/-/react-is-16.13.1.tgz#789729a4dc36de2999dc156dd6c1d9c18cea56a4"
  integrity sha512-24e6ynE2H+OKt4kqsOvNd8kBpV65zoxbA4BVsEOB3ARVWQki/DHzaUoC5KuON/BiccDaCCTZBuOcfZs70kR8bQ==

react-number-format@^4.4.1:
  version "4.4.1"
  resolved "https://registry.yarnpkg.com/react-number-format/-/react-number-format-4.4.1.tgz#d5614dd25edfc21ed48b97356213440081437a94"
  integrity sha512-ZGFMXZ0U7DcmQ3bSZY3FULOA1mfqreT9NIMYZNoa/ouiSgiTQiYA95Uj2KN8ge6BRr+ghA5vraozqWqsHZQw3Q==
  dependencies:
    prop-types "^15.7.2"

react-responsive-modal@^6.0.1:
  version "6.0.1"
  resolved "https://registry.yarnpkg.com/react-responsive-modal/-/react-responsive-modal-6.0.1.tgz#d27ecf5c4689e57f611297282cae89e00638874e"
  integrity sha512-9p1qPhs9C3G3l3zA2E9yCImZ/99AmdQu0WIbiE6/rLehsdiPsMQP7RyhySy7RHanTbpPZp5dRQt7iEJMFk5z6Q==
  dependencies:
    body-scroll-lock "^3.1.5"
    classnames "^2.2.6"

react-router-dom@^5.2.0:
  version "5.2.0"
  resolved "https://registry.yarnpkg.com/react-router-dom/-/react-router-dom-5.2.0.tgz#9e65a4d0c45e13289e66c7b17c7e175d0ea15662"
  integrity sha512-gxAmfylo2QUjcwxI63RhQ5G85Qqt4voZpUXSEqCwykV0baaOTQDR1f0PmY8AELqIyVc0NEZUj0Gov5lNGcXgsA==
  dependencies:
    "@babel/runtime" "^7.1.2"
    history "^4.9.0"
    loose-envify "^1.3.1"
    prop-types "^15.6.2"
    react-router "5.2.0"
    tiny-invariant "^1.0.2"
    tiny-warning "^1.0.0"

react-router@5.2.0:
  version "5.2.0"
  resolved "https://registry.yarnpkg.com/react-router/-/react-router-5.2.0.tgz#424e75641ca8747fbf76e5ecca69781aa37ea293"
  integrity sha512-smz1DUuFHRKdcJC0jobGo8cVbhO3x50tCL4icacOlcwDOEQPq4TMqwx3sY1TP+DvtTgz4nm3thuo7A+BK2U0Dw==
  dependencies:
    "@babel/runtime" "^7.1.2"
    history "^4.9.0"
    hoist-non-react-statics "^3.1.0"
    loose-envify "^1.3.1"
    mini-create-react-context "^0.4.0"
    path-to-regexp "^1.7.0"
    prop-types "^15.6.2"
    react-is "^16.6.0"
    tiny-invariant "^1.0.2"
    tiny-warning "^1.0.0"

regenerator-runtime@^0.13.4:
  version "0.13.7"
  resolved "https://registry.yarnpkg.com/regenerator-runtime/-/regenerator-runtime-0.13.7.tgz#cac2dacc8a1ea675feaabaeb8ae833898ae46f55"
  integrity sha512-a54FxoJDIr27pgf7IgeQGxmqUNYrcV338lf/6gH456HZ/PhX+5BcwHXG9ajESmwe6WRO0tAzRUrRmNONWgkrew==

resolve-pathname@^3.0.0:
  version "3.0.0"
  resolved "https://registry.yarnpkg.com/resolve-pathname/-/resolve-pathname-3.0.0.tgz#99d02224d3cf263689becbb393bc560313025dcd"
  integrity sha512-C7rARubxI8bXFNB/hqcp/4iUeIXJhJZvFPFPiSPRnhU5UPxzMFIl+2E6yY6c4k9giDJAhtV+enfA+G89N6Csng==

scheduler@^0.20.1:
  version "0.20.1"
  resolved "https://registry.yarnpkg.com/scheduler/-/scheduler-0.20.1.tgz#da0b907e24026b01181ecbc75efdc7f27b5a000c"
  integrity sha512-LKTe+2xNJBNxu/QhHvDR14wUXHRQbVY5ZOYpOGWRzhydZUqrLb2JBvLPY7cAqFmqrWuDED0Mjk7013SZiOz6Bw==
  dependencies:
    loose-envify "^1.1.0"
    object-assign "^4.1.1"

tiny-invariant@^1.0.2:
  version "1.1.0"
  resolved "https://registry.yarnpkg.com/tiny-invariant/-/tiny-invariant-1.1.0.tgz#634c5f8efdc27714b7f386c35e6760991d230875"
  integrity sha512-ytxQvrb1cPc9WBEI/HSeYYoGD0kWnGEOR8RY6KomWLBVhqz0RgTwVO9dLrGz7dC+nN9llyI7OKAgRq8Vq4ZBSw==

tiny-warning@^1.0.0, tiny-warning@^1.0.3:
  version "1.0.3"
  resolved "https://registry.yarnpkg.com/tiny-warning/-/tiny-warning-1.0.3.tgz#94a30db453df4c643d0fd566060d60a875d84754"
  integrity sha512-lBN9zLN/oAf68o3zNXYrdCt1kP8WsiGW8Oo2ka41b2IM5JL/S1CTyX1rW0mb/zSuJun0ZUrDxx4sqvYS2FWzPA==

value-equal@^1.0.1:
  version "1.0.1"
  resolved "https://registry.yarnpkg.com/value-equal/-/value-equal-1.0.1.tgz#1e0b794c734c5c0cade179c437d356d931a34d6c"
  integrity sha512-NOJ6JZCAWr0zlxZt+xqCHNTEKOsrks2HQd4MqhP1qy4z1SkbEP467eNx6TgDKXMvUOb+OENfJCZwM+16n7fRfw==

warning@^4.0.2:
  version "4.0.3"
  resolved "https://registry.yarnpkg.com/warning/-/warning-4.0.3.tgz#16e9e077eb8a86d6af7d64aa1e05fd85b4678ca3"
  integrity sha512-rpJyN222KWIvHJ/F53XSZv0Zl/accqHR8et1kpaMTD/fLCRxtV8iX8czMzY7sVZupTI3zcUTg8eycS2kNF9l6w==
  dependencies:
    loose-envify "^1.0.0"
